
Microsoft Visual Studio Solution File, Format Version 12.00
# Visual Studio Version 16
VisualStudioVersion = 16.0.31205.134
MinimumVisualStudioVersion = 10.0.40219.1
Project("{9A19103F-16F7-4668-BE54-9A1E7A4F7556}") = "ShopBridge", "ShopBridge\ShopBridge.csproj", "{39607F65-6DE2-4FAD-899C-42FCC1EB29B3}"
EndProject
Project("{FAE04EC0-301F-11D3-BF4B-00C04F79EFBC}") = "UnitTest", "UnitTest\UnitTest.csproj", "{D39C4499-551B-4D64-AACB-AF00457E6972}"
EndProject
Global
	GlobalSection(SolutionConfigurationPlatforms) = preSolution
		Debug|Any CPU = Debug|Any CPU
		Release|Any CPU = Release|Any CPU
	EndGlobalSection
	GlobalSection(ProjectConfigurationPlatforms) = postSolution
		{39607F65-6DE2-4FAD-899C-42FCC1EB29B3}.Debug|Any CPU.ActiveCfg = Debug|Any CPU
		{39607F65-6DE2-4FAD-899C-42FCC1EB29B3}.Debug|Any CPU.Build.0 = Debug|Any CPU
		{39607F65-6DE2-4FAD-899C-42FCC1EB29B3}.Release|Any CPU.ActiveCfg = Release|Any CPU
		{39607F65-6DE2-4FAD-899C-42FCC1EB29B3}.Release|Any CPU.Build.0 = Release|Any CPU
		{D39C4499-551B-4D64-AACB-AF00457E6972}.Debug|Any CPU.ActiveCfg = Debug|Any CPU
		{D39C4499-551B-4D64-AACB-AF00457E6972}.Debug|Any CPU.Build.0 = Debug|Any CPU
		{D39C4499-551B-4D64-AACB-AF00457E6972}.Release|Any CPU.ActiveCfg = Release|Any CPU
		{D39C4499-551B-4D64-AACB-AF00457E6972}.Release|Any CPU.Build.0 = Release|Any CPU
	EndGlobalSection
	GlobalSection(SolutionProperties) = preSolution
		HideSolutionNode = FALSE
	EndGlobalSection
	GlobalSection(ExtensibilityGlobals) = postSolution
		SolutionGuid = {F7CE1F33-6612-4E2A-9AD3-7FC96649CB38}
	EndGlobalSection
EndGlobal
